
Microsoft Visual Studio Solution File, Format Version 12.00
# Visual Studio Version 17
VisualStudioVersion = 17.14.36121.58 d17.14
MinimumVisualStudioVersion = 10.0.40219.1
Project("{FAE04EC0-301F-11D3-BF4B-00C04F79EFBC}") = "CalculatorApplication", "CalculatorApplication\CalculatorApplication.csproj", "{C9D1C868-B730-4EA1-B598-39B20105E878}"
EndProject
Global
	GlobalSection(SolutionConfigurationPlatforms) = preSolution
		Debug|Any CPU = Debug|Any CPU
		Release|Any CPU = Release|Any CPU
	EndGlobalSection
	GlobalSection(ProjectConfigurationPlatforms) = postSolution
		{C9D1C868-B730-4EA1-B598-39B20105E878}.Debug|Any CPU.ActiveCfg = Debug|Any CPU
		{C9D1C868-B730-4EA1-B598-39B20105E878}.Debug|Any CPU.Build.0 = Debug|Any CPU
		{C9D1C868-B730-4EA1-B598-39B20105E878}.Release|Any CPU.ActiveCfg = Release|Any CPU
		{C9D1C868-B730-4EA1-B598-39B20105E878}.Release|Any CPU.Build.0 = Release|Any CPU
	EndGlobalSection
	GlobalSection(SolutionProperties) = preSolution
		HideSolutionNode = FALSE
	EndGlobalSection
	GlobalSection(ExtensibilityGlobals) = postSolution
		SolutionGuid = {CFD7B58C-EE3B-4E91-8A42-B7DE8B406F1F}
	EndGlobalSection
EndGlobal
